
Microsoft Visual Studio Solution File, Format Version 12.00
# Visual Studio Version 17
VisualStudioVersion = 17.13.36105.23 d17.13
MinimumVisualStudioVersion = 10.0.40219.1
Project("{FAE04EC0-301F-11D3-BF4B-00C04F79EFBC}") = "MyLinkedList", "MyLinkedList\MyLinkedList.csproj", "{F20C1697-BEBD-4A6B-92C6-3CBAEB8FE32B}"
EndProject
Global
	GlobalSection(SolutionConfigurationPlatforms) = preSolution
		Debug|Any CPU = Debug|Any CPU
		Release|Any CPU = Release|Any CPU
	EndGlobalSection
	GlobalSection(ProjectConfigurationPlatforms) = postSolution
		{F20C1697-BEBD-4A6B-92C6-3CBAEB8FE32B}.Debug|Any CPU.ActiveCfg = Debug|Any CPU
		{F20C1697-BEBD-4A6B-92C6-3CBAEB8FE32B}.Debug|Any CPU.Build.0 = Debug|Any CPU
		{F20C1697-BEBD-4A6B-92C6-3CBAEB8FE32B}.Release|Any CPU.ActiveCfg = Release|Any CPU
		{F20C1697-BEBD-4A6B-92C6-3CBAEB8FE32B}.Release|Any CPU.Build.0 = Release|Any CPU
	EndGlobalSection
	GlobalSection(SolutionProperties) = preSolution
		HideSolutionNode = FALSE
	EndGlobalSection
	GlobalSection(ExtensibilityGlobals) = postSolution
		SolutionGuid = {949816E7-D63A-4484-B60F-920C03C51490}
	EndGlobalSection
EndGlobal
